// !$*UTF8*$!
{
	archiveVersion = 1;
	classes = {
	};
	objectVersion = 55;
	objects = {

/* Begin PBXBuildFile section */
		226AF6992982D7500051DA33 /* AppDelegate.swift in Sources */ = {isa = PBXBuildFile; fileRef = 226AF6982982D7500051DA33 /* AppDelegate.swift */; };
		226AF69B2982D7500051DA33 /* SceneDelegate.swift in Sources */ = {isa = PBXBuildFile; fileRef = 226AF69A2982D7500051DA33 /* SceneDelegate.swift */; };
		226AF69D2982D7500051DA33 /* MapsViewController.swift in Sources */ = {isa = PBXBuildFile; fileRef = 226AF69C2982D7500051DA33 /* MapsViewController.swift */; };
		226AF6A02982D7500051DA33 /* Main.storyboard in Resources */ = {isa = PBXBuildFile; fileRef = 226AF69E2982D7500051DA33 /* Main.storyboard */; };
		226AF6A32982D7500051DA33 /* HaritalarBolumu.xcdatamodeld in Sources */ = {isa = PBXBuildFile; fileRef = 226AF6A12982D7500051DA33 /* HaritalarBolumu.xcdatamodeld */; };
		226AF6A52982D7540051DA33 /* Assets.xcassets in Resources */ = {isa = PBXBuildFile; fileRef = 226AF6A42982D7540051DA33 /* Assets.xcassets */; };
		226AF6A82982D7540051DA33 /* LaunchScreen.storyboard in Resources */ = {isa = PBXBuildFile; fileRef = 226AF6A62982D7540051DA33 /* LaunchScreen.storyboard */; };
		226AF6B02983E9880051DA33 /* ListViewController.swift in Sources */ = {isa = PBXBuildFile; fileRef = 226AF6AF2983E9880051DA33 /* ListViewController.swift */; };
/* End PBXBuildFile section */

/* Begin PBXFileReference section */
		226AF6952982D7500051DA33 /* HaritalarBolumu.app */ = {isa = PBXFileReference; explicitFileType = wrapper.application; includeInIndex = 0; path = HaritalarBolumu.app; sourceTree = BUILT_PRODUCTS_DIR; };
		226AF6982982D7500051DA33 /* AppDelegate.swift */ = {isa = PBXFileReference; lastKnownFileType = sourcecode.swift; path = AppDelegate.swift; sourceTree = "<group>"; };
		226AF69A2982D7500051DA33 /* SceneDelegate.swift */ = {isa = PBXFileReference; lastKnownFileType = sourcecode.swift; path = SceneDelegate.swift; sourceTree = "<group>"; };
		226AF69C2982D7500051DA33 /* MapsViewController.swift */ = {isa = PBXFileReference; lastKnownFileType = sourcecode.swift; path = MapsViewController.swift; sourceTree = "<group>"; };
		226AF69F2982D7500051DA33 /* Base */ = {isa = PBXFileReference; lastKnownFileType = file.storyboard; name = Base; path = Base.lproj/Main.storyboard; sourceTree = "<group>"; };
		226AF6A22982D7500051DA33 /* HaritalarBolumu.xcdatamodel */ = {isa = PBXFileReference; lastKnownFileType = wrapper.xcdatamodel; path = HaritalarBolumu.xcdatamodel; sourceTree = "<group>"; };
		226AF6A42982D7540051DA33 /* Assets.xcassets */ = {isa = PBXFileReference; lastKnownFileType = folder.assetcatalog; path = Assets.xcassets; sourceTree = "<group>"; };
		226AF6A72982D7540051DA33 /* Base */ = {isa = PBXFileReference; lastKnownFileType = file.storyboard; name = Base; path = Base.lproj/LaunchScreen.storyboard; sourceTree = "<group>"; };
		226AF6A92982D7540051DA33 /* Info.plist */ = {isa = PBXFileReference; lastKnownFileType = text.plist.xml; path = Info.plist; sourceTree = "<group>"; };
		226AF6AF2983E9880051DA33 /* ListViewController.swift */ = {isa = PBXFileReference; lastKnownFileType = sourcecode.swift; path = ListViewController.swift; sourceTree = "<group>"; };
/* End PBXFileReference section */

/* Begin PBXFrameworksBuildPhase section */
		226AF6922982D7500051DA33 /* Frameworks */ = {
			isa = PBXFrameworksBuildPhase;
			buildActionMask = 2147483647;
			files = (
			);
			runOnlyForDeploymentPostprocessing = 0;
		};
/* End PBXFrameworksBuildPhase section */

/* Begin PBXGroup section */
		226AF68C2982D7500051DA33 = {
			isa = PBXGroup;
			children = (
				226AF6972982D7500051DA33 /* HaritalarBolumu */,
				226AF6962982D7500051DA33 /* Products */,
			);
			sourceTree = "<group>";
		};
		226AF6962982D7500051DA33 /* Products */ = {
			isa = PBXGroup;
			children = (
				226AF6952982D7500051DA33 /* HaritalarBolumu.app */,
			);
			name = Products;
			sourceTree = "<group>";
		};
		226AF6972982D7500051DA33 /* HaritalarBolumu */ = {
			isa = PBXGroup;
			children = (
				226AF6982982D7500051DA33 /* AppDelegate.swift */,
				226AF69A2982D7500051DA33 /* SceneDelegate.swift */,
				226AF69C2982D7500051DA33 /* MapsViewController.swift */,
				226AF6AF2983E9880051DA33 /* ListViewController.swift */,
				226AF69E2982D7500051DA33 /* Main.storyboard */,
				226AF6A42982D7540051DA33 /* Assets.xcassets */,
				226AF6A62982D7540051DA33 /* LaunchScreen.storyboard */,
				226AF6A92982D7540051DA33 /* Info.plist */,
				226AF6A12982D7500051DA33 /* HaritalarBolumu.xcdatamodeld */,
			);
			path = HaritalarBolumu;
			sourceTree = "<group>";
		};
/* End PBXGroup section */

/* Begin PBXNativeTarget section */
		226AF6942982D7500051DA33 /* HaritalarBolumu */ = {
			isa = PBXNativeTarget;
			buildConfigurationList = 226AF6AC2982D7540051DA33 /* Build configuration list for PBXNativeTarget "HaritalarBolumu" */;
			buildPhases = (
				226AF6912982D7500051DA33 /* Sources */,
				226AF6922982D7500051DA33 /* Frameworks */,
				226AF6932982D7500051DA33 /* Resources */,
			);
			buildRules = (
			);
			dependencies = (
			);
			name = HaritalarBolumu;
			productName = HaritalarBolumu;
			productReference = 226AF6952982D7500051DA33 /* HaritalarBolumu.app */;
			productType = "com.apple.product-type.application";
		};
/* End PBXNativeTarget section */

/* Begin PBXProject section */
		226AF68D2982D7500051DA33 /* Project object */ = {
			isa = PBXProject;
			attributes = {
				BuildIndependentTargetsInParallel = 1;
				LastSwiftUpdateCheck = 1320;
				LastUpgradeCheck = 1320;
				TargetAttributes = {
					226AF6942982D7500051DA33 = {
						CreatedOnToolsVersion = 13.2.1;
					};
				};
			};
			buildConfigurationList = 226AF6902982D7500051DA33 /* Build configuration list for PBXProject "HaritalarBolumu" */;
			compatibilityVersion = "Xcode 13.0";
			developmentRegion = en;
			hasScannedForEncodings = 0;
			knownRegions = (
				en,
				Base,
			);
			mainGroup = 226AF68C2982D7500051DA33;
			productRefGroup = 226AF6962982D7500051DA33 /* Products */;
			projectDirPath = "";
			projectRoot = "";
			targets = (
				226AF6942982D7500051DA33 /* HaritalarBolumu */,
			);
		};
/* End PBXProject section */

/* Begin PBXResourcesBuildPhase section */
		226AF6932982D7500051DA33 /* Resources */ = {
			isa = PBXResourcesBuildPhase;
			buildActionMask = 2147483647;
			files = (
				226AF6A82982D7540051DA33 /* LaunchScreen.storyboard in Resources */,
				226AF6A52982D7540051DA33 /* Assets.xcassets in Resources */,
				226AF6A02982D7500051DA33 /* Main.storyboard in Resources */,
			);
			runOnlyForDeploymentPostprocessing = 0;
		};
/* End PBXResourcesBuildPhase section */

/* Begin PBXSourcesBuildPhase section */
		226AF6912982D7500051DA33 /* Sources */ = {
			isa = PBXSourcesBuildPhase;
			buildActionMask = 2147483647;
			files = (
				226AF6A32982D7500051DA33 /* HaritalarBolumu.xcdatamodeld in Sources */,
				226AF69D2982D7500051DA33 /* MapsViewController.swift in Sources */,
				226AF6992982D7500051DA33 /* AppDelegate.swift in Sources */,
				226AF6B02983E9880051DA33 /* ListViewController.swift in Sources */,
				226AF69B2982D7500051DA33 /* SceneDelegate.swift in Sources */,
			);
			runOnlyForDeploymentPostprocessing = 0;
		};
/* End PBXSourcesBuildPhase section */

/* Begin PBXVariantGroup section */
		226AF69E2982D7500051DA33 /* Main.storyboard */ = {
			isa = PBXVariantGroup;
			children = (
				226AF69F2982D7500051DA33 /* Base */,
			);
			name = Main.storyboard;
			sourceTree = "<group>";
		};
		226AF6A62982D7540051DA33 /* LaunchScreen.storyboard */ = {
			isa = PBXVariantGroup;
			children = (
				226AF6A72982D7540051DA33 /* Base */,
			);
			name = LaunchScreen.storyboard;
			sourceTree = "<group>";
		};
/* End PBXVariantGroup section */

/* Begin XCBuildConfiguration section */
		226AF6AA2982D7540051DA33 /* Debug */ = {
			isa = XCBuildConfiguration;
			buildSettings = {
				ALWAYS_SEARCH_USER_PATHS = NO;
				CLANG_ANALYZER_NONNULL = YES;
				CLANG_ANALYZER_NUMBER_OBJECT_CONVERSION = YES_AGGRESSIVE;
				CLANG_CXX_LANGUAGE_STANDARD = "gnu++17";
				CLANG_CXX_LIBRARY = "libc++";
				CLANG_ENABLE_MODULES = YES;
				CLANG_ENABLE_OBJC_ARC = YES;
				CLANG_ENABLE_OBJC_WEAK = YES;
				CLANG_WARN_BLOCK_CAPTURE_AUTORELEASING = YES;
				CLANG_WARN_BOOL_CONVERSION = YES;
				CLANG_WARN_COMMA = YES;
				CLANG_WARN_CONSTANT_CONVERSION = YES;
				CLANG_WARN_DEPRECATED_OBJC_IMPLEMENTATIONS = YES;
				CLANG_WARN_DIRECT_OBJC_ISA_USAGE = YES_ERROR;
				CLANG_WARN_DOCUMENTATION_COMMENTS = YES;
				CLANG_WARN_EMPTY_BODY = YES;
				CLANG_WARN_ENUM_CONVERSION = YES;
				CLANG_WARN_INFINITE_RECURSION = YES;
				CLANG_WARN_INT_CONVERSION = YES;
				CLANG_WARN_NON_LITERAL_NULL_CONVERSION = YES;
				CLANG_WARN_OBJC_IMPLICIT_RETAIN_SELF = YES;
				CLANG_WARN_OBJC_LITERAL_CONVERSION = YES;
				CLANG_WARN_OBJC_ROOT_CLASS = YES_ERROR;
				CLANG_WARN_QUOTED_INCLUDE_IN_FRAMEWORK_HEADER = YES;
				CLANG_WARN_RANGE_LOOP_ANALYSIS = YES;
				CLANG_WARN_STRICT_PROTOTYPES = YES;
				CLANG_WARN_SUSPICIOUS_MOVE = YES;
				CLANG_WARN_UNGUARDED_AVAILABILITY = YES_AGGRESSIVE;
				CLANG_WARN_UNREACHABLE_CODE = YES;
				CLANG_WARN__DUPLICATE_METHOD_MATCH = YES;
				COPY_PHASE_STRIP = NO;
				DEBUG_INFORMATION_FORMAT = dwarf;
				ENABLE_STRICT_OBJC_MSGSEND = YES;
				ENABLE_TESTABILITY = YES;
				GCC_C_LANGUAGE_STANDARD = gnu11;
				GCC_DYNAMIC_NO_PIC = NO;
				GCC_NO_COMMON_BLOCKS = YES;
				GCC_OPTIMIZATION_LEVEL = 0;
				GCC_PREPROCESSOR_DEFINITIONS = (
					"DEBUG=1",
					"$(inherited)",
				);
				GCC_WARN_64_TO_32_BIT_CONVERSION = YES;
				GCC_WARN_ABOUT_RETURN_TYPE = YES_ERROR;
				GCC_WARN_UNDECLARED_SELECTOR = YES;
				GCC_WARN_UNINITIALIZED_AUTOS = YES_AGGRESSIVE;
				GCC_WARN_UNUSED_FUNCTION = YES;
				GCC_WARN_UNUSED_VARIABLE = YES;
				IPHONEOS_DEPLOYMENT_TARGET = 15.2;
				MTL_ENABLE_DEBUG_INFO = INCLUDE_SOURCE;
				MTL_FAST_MATH = YES;
				ONLY_ACTIVE_ARCH = YES;
				SDKROOT = iphoneos;
				SWIFT_ACTIVE_COMPILATION_CONDITIONS = DEBUG;
				SWIFT_OPTIMIZATION_LEVEL = "-Onone";
			};
			name = Debug;
		};
		226AF6AB2982D7540051DA33 /* Release */ = {
			isa = XCBuildConfiguration;
			buildSettings = {
				ALWAYS_SEARCH_USER_PATHS = NO;
				CLANG_ANALYZER_NONNULL = YES;
				CLANG_ANALYZER_NUMBER_OBJECT_CONVERSION = YES_AGGRESSIVE;
				CLANG_CXX_LANGUAGE_STANDARD = "gnu++17";
				CLANG_CXX_LIBRARY = "libc++";
				CLANG_ENABLE_MODULES = YES;
				CLANG_ENABLE_OBJC_ARC = YES;
				CLANG_ENABLE_OBJC_WEAK = YES;
				CLANG_WARN_BLOCK_CAPTURE_AUTORELEASING = YES;
				CLANG_WARN_BOOL_CONVERSION = YES;
				CLANG_WARN_COMMA = YES;
				CLANG_WARN_CONSTANT_CONVERSION = YES;
				CLANG_WARN_DEPRECATED_OBJC_IMPLEMENTATIONS = YES;
				CLANG_WARN_DIRECT_OBJC_ISA_USAGE = YES_ERROR;
				CLANG_WARN_DOCUMENTATION_COMMENTS = YES;
				CLANG_WARN_EMPTY_BODY = YES;
				CLANG_WARN_ENUM_CONVERSION = YES;
				CLANG_WARN_INFINITE_RECURSION = YES;
				CLANG_WARN_INT_CONVERSION = YES;
				CLANG_WARN_NON_LITERAL_NULL_CONVERSION = YES;
				CLANG_WARN_OBJC_IMPLICIT_RETAIN_SELF = YES;
				CLANG_WARN_OBJC_LITERAL_CONVERSION = YES;
				CLANG_WARN_OBJC_ROOT_CLASS = YES_ERROR;
				CLANG_WARN_QUOTED_INCLUDE_IN_FRAMEWORK_HEADER = YES;
				CLANG_WARN_RANGE_LOOP_ANALYSIS = YES;
				CLANG_WARN_STRICT_PROTOTYPES = YES;
				CLANG_WARN_SUSPICIOUS_MOVE = YES;
				CLANG_WARN_UNGUARDED_AVAILABILITY = YES_AGGRESSIVE;
				CLANG_WARN_UNREACHABLE_CODE = YES;
				CLANG_WARN__DUPLICATE_METHOD_MATCH = YES;
				COPY_PHASE_STRIP = NO;
				DEBUG_INFORMATION_FORMAT = "dwarf-with-dsym";
				ENABLE_NS_ASSERTIONS = NO;
				ENABLE_STRICT_OBJC_MSGSEND = YES;
				GCC_C_LANGUAGE_STANDARD = gnu11;
				GCC_NO_COMMON_BLOCKS = YES;
				GCC_WARN_64_TO_32_BIT_CONVERSION = YES;
				GCC_WARN_ABOUT_RETURN_TYPE = YES_ERROR;
				GCC_WARN_UNDECLARED_SELECTOR = YES;
				GCC_WARN_UNINITIALIZED_AUTOS = YES_AGGRESSIVE;
				GCC_WARN_UNUSED_FUNCTION = YES;
				GCC_WARN_UNUSED_VARIABLE = YES;
				IPHONEOS_DEPLOYMENT_TARGET = 15.2;
				MTL_ENABLE_DEBUG_INFO = NO;
				MTL_FAST_MATH = YES;
				SDKROOT = iphoneos;
				SWIFT_COMPILATION_MODE = wholemodule;
				SWIFT_OPTIMIZATION_LEVEL = "-O";
				VALIDATE_PRODUCT = YES;
			};
			name = Release;
		};
		226AF6AD2982D7540051DA33 /* Debug */ = {
			isa = XCBuildConfiguration;
			buildSettings = {
				ASSETCATALOG_COMPILER_APPICON_NAME = AppIcon;
				ASSETCATALOG_COMPILER_GLOBAL_ACCENT_COLOR_NAME = AccentColor;
				CODE_SIGN_STYLE = Automatic;
				CURRENT_PROJECT_VERSION = 1;
				DEVELOPMENT_TEAM = 4355GT8WF7;
				GENERATE_INFOPLIST_FILE = YES;
				INFOPLIST_FILE = HaritalarBolumu/Info.plist;
				INFOPLIST_KEY_UIApplicationSupportsIndirectInputEvents = YES;
				INFOPLIST_KEY_UILaunchStoryboardName = LaunchScreen;
				INFOPLIST_KEY_UIMainStoryboardFile = Main;
				INFOPLIST_KEY_UISupportedInterfaceOrientations_iPad = "UIInterfaceOrientationPortrait UIInterfaceOrientationPortraitUpsideDown UIInterfaceOrientationLandscapeLeft UIInterfaceOrientationLandscapeRight";
				INFOPLIST_KEY_UISupportedInterfaceOrientations_iPhone = "UIInterfaceOrientationPortrait UIInterfaceOrientationLandscapeLeft UIInterfaceOrientationLandscapeRight";
				LD_RUNPATH_SEARCH_PATHS = (
					"$(inherited)",
					"@executable_path/Frameworks",
				);
				MARKETING_VERSION = 1.0;
				PRODUCT_BUNDLE_IDENTIFIER = com.sahilmehdiyev.HaritalarBolumu;
				PRODUCT_NAME = "$(TARGET_NAME)";
				SWIFT_EMIT_LOC_STRINGS = YES;
				SWIFT_VERSION = 5.0;
				TARGETED_DEVICE_FAMILY = "1,2";
			};
			name = Debug;
		};
		226AF6AE2982D7540051DA33 /* Release */ = {
			isa = XCBuildConfiguration;
			buildSettings = {
				ASSETCATALOG_COMPILER_APPICON_NAME = AppIcon;
				ASSETCATALOG_COMPILER_GLOBAL_ACCENT_COLOR_NAME = AccentColor;
				CODE_SIGN_STYLE = Automatic;
				CURRENT_PROJECT_VERSION = 1;
				DEVELOPMENT_TEAM = 4355GT8WF7;
				GENERATE_INFOPLIST_FILE = YES;
				INFOPLIST_FILE = HaritalarBolumu/Info.plist;
				INFOPLIST_KEY_UIApplicationSupportsIndirectInputEvents = YES;
				INFOPLIST_KEY_UILaunchStoryboardName = LaunchScreen;
				INFOPLIST_KEY_UIMainStoryboardFile = Main;
				INFOPLIST_KEY_UISupportedInterfaceOrientations_iPad = "UIInterfaceOrientationPortrait UIInterfaceOrientationPortraitUpsideDown UIInterfaceOrientationLandscapeLeft UIInterfaceOrientationLandscapeRight";
				INFOPLIST_KEY_UISupportedInterfaceOrientations_iPhone = "UIInterfaceOrientationPortrait UIInterfaceOrientationLandscapeLeft UIInterfaceOrientationLandscapeRight";
				LD_RUNPATH_SEARCH_PATHS = (
					"$(inherited)",
					"@executable_path/Frameworks",
				);
				MARKETING_VERSION = 1.0;
				PRODUCT_BUNDLE_IDENTIFIER = com.sahilmehdiyev.HaritalarBolumu;
				PRODUCT_NAME = "$(TARGET_NAME)";
				SWIFT_EMIT_LOC_STRINGS = YES;
				SWIFT_VERSION = 5.0;
				TARGETED_DEVICE_FAMILY = "1,2";
			};
			name = Release;
		};
/* End XCBuildConfiguration section */

/* Begin XCConfigurationList section */
		226AF6902982D7500051DA33 /* Build configuration list for PBXProject "HaritalarBolumu" */ = {
			isa = XCConfigurationList;
			buildConfigurations = (
				226AF6AA2982D7540051DA33 /* Debug */,
				226AF6AB2982D7540051DA33 /* Release */,
			);
			defaultConfigurationIsVisible = 0;
			defaultConfigurationName = Release;
		};
		226AF6AC2982D7540051DA33 /* Build configuration list for PBXNativeTarget "HaritalarBolumu" */ = {
			isa = XCConfigurationList;
			buildConfigurations = (
				226AF6AD2982D7540051DA33 /* Debug */,
				226AF6AE2982D7540051DA33 /* Release */,
			);
			defaultConfigurationIsVisible = 0;
			defaultConfigurationName = Release;
		};
/* End XCConfigurationList section */

/* Begin XCVersionGroup section */
		226AF6A12982D7500051DA33 /* HaritalarBolumu.xcdatamodeld */ = {
			isa = XCVersionGroup;
			children = (
				226AF6A22982D7500051DA33 /* HaritalarBolumu.xcdatamodel */,
			);
			currentVersion = 226AF6A22982D7500051DA33 /* HaritalarBolumu.xcdatamodel */;
			path = HaritalarBolumu.xcdatamodeld;
			sourceTree = "<group>";
			versionGroupType = wrapper.xcdatamodel;
		};
/* End XCVersionGroup section */
	};
	rootObject = 226AF68D2982D7500051DA33 /* Project object */;
}
